
Microsoft Visual Studio Solution File, Format Version 12.00
# Visual Studio Version 17
VisualStudioVersion = 17.1.32421.90
MinimumVisualStudioVersion = 10.0.40219.1
Project("{FAE04EC0-301F-11D3-BF4B-00C04F79EFBC}") = "MyProject1", "MyProject1\MyProject1.csproj", "{B421696B-7F64-400E-89C2-05F893A60C56}"
EndProject
Global
	GlobalSection(SolutionConfigurationPlatforms) = preSolution
		Debug|Any CPU = Debug|Any CPU
		Release|Any CPU = Release|Any CPU
	EndGlobalSection
	GlobalSection(ProjectConfigurationPlatforms) = postSolution
		{B421696B-7F64-400E-89C2-05F893A60C56}.Debug|Any CPU.ActiveCfg = Debug|Any CPU
		{B421696B-7F64-400E-89C2-05F893A60C56}.Debug|Any CPU.Build.0 = Debug|Any CPU
		{B421696B-7F64-400E-89C2-05F893A60C56}.Release|Any CPU.ActiveCfg = Release|Any CPU
		{B421696B-7F64-400E-89C2-05F893A60C56}.Release|Any CPU.Build.0 = Release|Any CPU
	EndGlobalSection
	GlobalSection(SolutionProperties) = preSolution
		HideSolutionNode = FALSE
	EndGlobalSection
	GlobalSection(ExtensibilityGlobals) = postSolution
		SolutionGuid = {B00E2A09-9541-4753-97A4-6D52D60B2685}
	EndGlobalSection
EndGlobal
